{
  "version": 4,
  "terraform_version": "1.9.8",
  "serial": 18,
  "lineage": "dbbec8b1-be0d-dcdb-1b3b-cc1640367c2a",
  "outputs": {
    "gateway_name": {
      "value": "kubernetes-gateway",
      "type": "string"
    },
    "gateway_namespace": {
      "value": "istio-gateway",
      "type": "string"
    },
    "load_balancer_ip": {
      "value": "10.106.1.92",
      "type": "string"
    }
  },
  "resources": [
    {
      "mode": "data",
      "type": "kubernetes_service",
      "name": "ingress_gateway",
      "provider": "provider[\"registry.terraform.io/hashicorp/kubernetes\"]",
      "instances": [
        {
          "schema_version": 0,
          "attributes": {
            "id": "istio-system/istio-ingressgateway",
            "metadata": [
              {
                "annotations": {
                  "meta.helm.sh/release-name": "istio-ingressgateway",
                  "meta.helm.sh/release-namespace": "istio-system"
                },
                "generation": 0,
                "labels": {
                  "app": "istio-ingressgateway",
                  "app.kubernetes.io/managed-by": "Helm",
                  "app.kubernetes.io/name": "istio-ingressgateway",
                  "app.kubernetes.io/version": "1.23.3",
                  "helm.sh/chart": "gateway-1.23.3",
                  "istio": "ingressgateway"
                },
                "name": "istio-ingressgateway",
                "namespace": "istio-system",
                "resource_version": "9295",
                "uid": "bd409f73-1272-48ac-8960-160e619e9e6d"
              }
            ],
            "spec": [
              {
                "allocate_load_balancer_node_ports": true,
                "cluster_ip": "10.106.1.92",
                "cluster_ips": [
                  "10.106.1.92"
                ],
                "external_ips": [],
                "external_name": "",
                "external_traffic_policy": "Cluster",
                "health_check_node_port": 0,
                "internal_traffic_policy": "Cluster",
                "ip_families": [
                  "IPv4"
                ],
                "ip_family_policy": "SingleStack",
                "load_balancer_class": "",
                "load_balancer_ip": "",
                "load_balancer_source_ranges": [],
                "port": [
                  {
                    "app_protocol": "",
                    "name": "http2",
                    "node_port": 30150,
                    "port": 80,
                    "protocol": "TCP",
                    "target_port": "8080"
                  }
                ],
                "publish_not_ready_addresses": false,
                "selector": {
                  "app": "istio-ingressgateway",
                  "istio": "ingressgateway"
                },
                "session_affinity": "None",
                "session_affinity_config": [],
                "type": "LoadBalancer"
              }
            ],
            "status": [
              {
                "load_balancer": [
                  {
                    "ingress": [
                      {
                        "hostname": "",
                        "ip": "10.106.1.92"
                      }
                    ]
                  }
                ]
              }
            ]
          },
          "sensitive_attributes": []
        }
      ]
    },
    {
      "mode": "managed",
      "type": "helm_release",
      "name": "cert_manager",
      "provider": "provider[\"registry.terraform.io/hashicorp/helm\"]",
      "instances": [
        {
          "schema_version": 1,
          "attributes": {
            "atomic": false,
            "chart": "cert-manager",
            "cleanup_on_fail": false,
            "create_namespace": true,
            "dependency_update": false,
            "description": null,
            "devel": null,
            "disable_crd_hooks": false,
            "disable_openapi_validation": false,
            "disable_webhooks": false,
            "force_update": false,
            "id": "cert-manager",
            "keyring": null,
            "lint": false,
            "manifest": null,
            "max_history": 0,
            "metadata": [
              {
                "app_version": "v1.16.1",
                "chart": "cert-manager",
                "name": "cert-manager",
                "namespace": "cert-manager",
                "revision": 1,
                "values": "{\"config\":{\"apiVersion\":\"controller.config.cert-manager.io/v1alpha1\",\"enableGatewayAPI\":true,\"kind\":\"ControllerConfiguration\"},\"crds\":{\"enabled\":true},\"podLabels\":{\"azure.workload.identity/use\":\"true\"},\"serviceAccount\":{\"labels\":{\"azure.workload.identity/use\":\"true\"}}}",
                "version": "v1.16.1"
              }
            ],
            "name": "cert-manager",
            "namespace": "cert-manager",
            "pass_credentials": false,
            "postrender": [],
            "recreate_pods": false,
            "render_subchart_notes": true,
            "replace": false,
            "repository": "https://charts.jetstack.io",
            "repository_ca_file": null,
            "repository_cert_file": null,
            "repository_key_file": null,
            "repository_password": null,
            "repository_username": null,
            "reset_values": false,
            "reuse_values": false,
            "set": [],
            "set_list": [],
            "set_sensitive": [],
            "skip_crds": false,
            "status": "deployed",
            "timeout": 300,
            "values": [
              "crds:\n  enabled: true\nconfig:\n  apiVersion: controller.config.cert-manager.io/v1alpha1\n  kind: ControllerConfiguration\n  enableGatewayAPI: true\npodLabels:\n  azure.workload.identity/use: \"true\"\nserviceAccount:\n  labels:\n    azure.workload.identity/use: \"true\"\n"
            ],
            "verify": false,
            "version": "v1.16.1",
            "wait": true,
            "wait_for_jobs": false
          },
          "sensitive_attributes": [
            [
              {
                "type": "get_attr",
                "value": "repository_password"
              }
            ]
          ],
          "private": "eyJzY2hlbWFfdmVyc2lvbiI6IjEifQ==",
          "dependencies": [
            "null_resource.kubernetes_api_gateway"
          ]
        }
      ]
    },
    {
      "mode": "managed",
      "type": "helm_release",
      "name": "helm_istio_base",
      "provider": "provider[\"registry.terraform.io/hashicorp/helm\"]",
      "instances": [
        {
          "schema_version": 1,
          "attributes": {
            "atomic": false,
            "chart": "base",
            "cleanup_on_fail": false,
            "create_namespace": true,
            "dependency_update": false,
            "description": null,
            "devel": null,
            "disable_crd_hooks": false,
            "disable_openapi_validation": false,
            "disable_webhooks": false,
            "force_update": false,
            "id": "istio-base",
            "keyring": null,
            "lint": false,
            "manifest": null,
            "max_history": 0,
            "metadata": [
              {
                "app_version": "1.23.3",
                "chart": "base",
                "name": "istio-base",
                "namespace": "istio-system",
                "revision": 1,
                "values": "{\"global\":{\"istioNamespace\":\"istio-system\"}}",
                "version": "1.23.3"
              }
            ],
            "name": "istio-base",
            "namespace": "istio-system",
            "pass_credentials": false,
            "postrender": [],
            "recreate_pods": false,
            "render_subchart_notes": true,
            "replace": false,
            "repository": "https://istio-release.storage.googleapis.com/charts",
            "repository_ca_file": null,
            "repository_cert_file": null,
            "repository_key_file": null,
            "repository_password": null,
            "repository_username": null,
            "reset_values": false,
            "reuse_values": false,
            "set": [],
            "set_list": [],
            "set_sensitive": [],
            "skip_crds": false,
            "status": "deployed",
            "timeout": 300,
            "values": [
              "global:\n  istioNamespace: istio-system\n"
            ],
            "verify": false,
            "version": "1.23.3",
            "wait": true,
            "wait_for_jobs": false
          },
          "sensitive_attributes": [
            [
              {
                "type": "get_attr",
                "value": "repository_password"
              }
            ]
          ],
          "private": "eyJzY2hlbWFfdmVyc2lvbiI6IjEifQ=="
        }
      ]
    },
    {
      "mode": "managed",
      "type": "helm_release",
      "name": "helm_istio_gateway",
      "provider": "provider[\"registry.terraform.io/hashicorp/helm\"]",
      "instances": [
        {
          "schema_version": 1,
          "attributes": {
            "atomic": false,
            "chart": "raw",
            "cleanup_on_fail": false,
            "create_namespace": true,
            "dependency_update": false,
            "description": null,
            "devel": null,
            "disable_crd_hooks": false,
            "disable_openapi_validation": false,
            "disable_webhooks": false,
            "force_update": false,
            "id": "istio-gateway",
            "keyring": null,
            "lint": false,
            "manifest": null,
            "max_history": 0,
            "metadata": [
              {
                "app_version": "1.0.0",
                "chart": "raw",
                "name": "istio-gateway",
                "namespace": "istio-gateway",
                "revision": 1,
                "values": "{\"templates\":[\"apiVersion: gateway.networking.k8s.io/v1beta1\\nkind: Gateway\\nmetadata:\\n  name: kubernetes-gateway\\n  namespace: istio-gateway\\nspec:\\n  gatewayClassName: istio\\n  listeners:\\n    - name: http\\n      port: 80\\n      protocol: HTTP\\n      allowedRoutes:\\n        namespaces:\\n          from: All\\n\",\"apiVersion: gateway.networking.k8s.io/v1beta1\\nkind: HTTPRoute\\nmetadata:\\n  name: ubuntu-route\\n  namespace: microservices-application-ns\\nspec:\\n  parentRefs:\\n    - name: kubernetes-gateway\\n      namespace: istio-gateway\\n  rules:\\n    - matches:\\n        - path:\\n            type: PathPrefix\\n            value: /\\n      backendRefs:\\n        - name: ubuntu-vm-service\\n          port: 8000\\n          kind: Service\\n\"]}",
                "version": "2.0.0"
              }
            ],
            "name": "istio-gateway",
            "namespace": "istio-gateway",
            "pass_credentials": false,
            "postrender": [],
            "recreate_pods": false,
            "render_subchart_notes": true,
            "replace": false,
            "repository": "https://bedag.github.io/helm-charts",
            "repository_ca_file": null,
            "repository_cert_file": null,
            "repository_key_file": null,
            "repository_password": null,
            "repository_username": null,
            "reset_values": false,
            "reuse_values": false,
            "set": [],
            "set_list": [],
            "set_sensitive": [],
            "skip_crds": false,
            "status": "deployed",
            "timeout": 300,
            "values": [
              "templates:\n  - |\n    apiVersion: gateway.networking.k8s.io/v1beta1\n    kind: Gateway\n    metadata:\n      name: kubernetes-gateway\n      namespace: istio-gateway\n    spec:\n      gatewayClassName: istio\n      listeners:\n        - name: http\n          port: 80\n          protocol: HTTP\n          allowedRoutes:\n            namespaces:\n              from: All\n  - |\n    apiVersion: gateway.networking.k8s.io/v1beta1\n    kind: HTTPRoute\n    metadata:\n      name: ubuntu-route\n      namespace: microservices-application-ns\n    spec:\n      parentRefs:\n        - name: kubernetes-gateway\n          namespace: istio-gateway\n      rules:\n        - matches:\n            - path:\n                type: PathPrefix\n                value: /\n          backendRefs:\n            - name: ubuntu-vm-service\n              port: 8000\n              kind: Service\n"
            ],
            "verify": false,
            "version": "2.0.0",
            "wait": true,
            "wait_for_jobs": false
          },
          "sensitive_attributes": [
            [
              {
                "type": "get_attr",
                "value": "repository_password"
              }
            ]
          ],
          "private": "eyJzY2hlbWFfdmVyc2lvbiI6IjEifQ=="
        }
      ]
    },
    {
      "mode": "managed",
      "type": "helm_release",
      "name": "helm_istio_ingress",
      "provider": "provider[\"registry.terraform.io/hashicorp/helm\"]",
      "instances": [
        {
          "schema_version": 1,
          "attributes": {
            "atomic": false,
            "chart": "gateway",
            "cleanup_on_fail": false,
            "create_namespace": true,
            "dependency_update": false,
            "description": null,
            "devel": null,
            "disable_crd_hooks": false,
            "disable_openapi_validation": false,
            "disable_webhooks": false,
            "force_update": false,
            "id": "istio-ingressgateway",
            "keyring": null,
            "lint": false,
            "manifest": null,
            "max_history": 0,
            "metadata": [
              {
                "app_version": "1.23.3",
                "chart": "gateway",
                "name": "istio-ingressgateway",
                "namespace": "istio-system",
                "revision": 1,
                "values": "{\"labels\":{\"app\":\"istio-ingressgateway\",\"istio\":\"ingressgateway\"},\"service\":{\"ports\":[{\"name\":\"http2\",\"port\":80,\"targetPort\":8080}],\"type\":\"LoadBalancer\"}}",
                "version": "1.23.3"
              }
            ],
            "name": "istio-ingressgateway",
            "namespace": "istio-system",
            "pass_credentials": false,
            "postrender": [],
            "recreate_pods": false,
            "render_subchart_notes": true,
            "replace": false,
            "repository": "https://istio-release.storage.googleapis.com/charts",
            "repository_ca_file": null,
            "repository_cert_file": null,
            "repository_key_file": null,
            "repository_password": null,
            "repository_username": null,
            "reset_values": false,
            "reuse_values": false,
            "set": [],
            "set_list": [],
            "set_sensitive": [],
            "skip_crds": false,
            "status": "deployed",
            "timeout": 300,
            "values": [
              "service:\n  type: LoadBalancer\n  ports:\n    - name: http2\n      port: 80\n      targetPort: 8080\nlabels:\n  app: istio-ingressgateway\n  istio: ingressgateway\n"
            ],
            "verify": false,
            "version": "1.23.3",
            "wait": true,
            "wait_for_jobs": false
          },
          "sensitive_attributes": [
            [
              {
                "type": "get_attr",
                "value": "repository_password"
              }
            ]
          ],
          "private": "eyJzY2hlbWFfdmVyc2lvbiI6IjEifQ==",
          "dependencies": [
            "helm_release.helm_istio_base",
            "helm_release.helm_istiod"
          ]
        }
      ]
    },
    {
      "mode": "managed",
      "type": "helm_release",
      "name": "helm_istiod",
      "provider": "provider[\"registry.terraform.io/hashicorp/helm\"]",
      "instances": [
        {
          "schema_version": 1,
          "attributes": {
            "atomic": false,
            "chart": "istiod",
            "cleanup_on_fail": false,
            "create_namespace": true,
            "dependency_update": false,
            "description": null,
            "devel": null,
            "disable_crd_hooks": false,
            "disable_openapi_validation": false,
            "disable_webhooks": false,
            "force_update": false,
            "id": "istiod",
            "keyring": null,
            "lint": false,
            "manifest": null,
            "max_history": 0,
            "metadata": [
              {
                "app_version": "1.23.3",
                "chart": "istiod",
                "name": "istiod",
                "namespace": "istio-system",
                "revision": 1,
                "values": "{\"global\":{\"istioNamespace\":\"istio-system\"},\"pilot\":{\"autoscaleMin\":2,\"resources\":{\"requests\":{\"cpu\":\"20m\",\"memory\":\"80Mi\"}}}}",
                "version": "1.23.3"
              }
            ],
            "name": "istiod",
            "namespace": "istio-system",
            "pass_credentials": false,
            "postrender": [],
            "recreate_pods": false,
            "render_subchart_notes": true,
            "replace": false,
            "repository": "https://istio-release.storage.googleapis.com/charts",
            "repository_ca_file": null,
            "repository_cert_file": null,
            "repository_key_file": null,
            "repository_password": null,
            "repository_username": null,
            "reset_values": false,
            "reuse_values": false,
            "set": [],
            "set_list": [],
            "set_sensitive": [],
            "skip_crds": false,
            "status": "deployed",
            "timeout": 300,
            "values": [
              "pilot:\n  autoscaleMin: 2\n  resources:\n    requests:\n      cpu: 20m\n      memory: 80Mi\nglobal:\n  istioNamespace: istio-system\n"
            ],
            "verify": false,
            "version": "1.23.3",
            "wait": true,
            "wait_for_jobs": false
          },
          "sensitive_attributes": [
            [
              {
                "type": "get_attr",
                "value": "repository_password"
              }
            ]
          ],
          "private": "eyJzY2hlbWFfdmVyc2lvbiI6IjEifQ==",
          "dependencies": [
            "helm_release.helm_istio_base"
          ]
        }
      ]
    },
    {
      "mode": "managed",
      "type": "kubernetes_namespace",
      "name": "istio_gateway",
      "provider": "provider[\"registry.terraform.io/hashicorp/kubernetes\"]",
      "instances": [
        {
          "schema_version": 0,
          "attributes": {
            "id": "istio-gateway",
            "metadata": [
              {
                "annotations": {},
                "generate_name": "",
                "generation": 0,
                "labels": {
                  "istio-injection": "enabled"
                },
                "name": "istio-gateway",
                "resource_version": "7915",
                "uid": "3fbe9da0-5b43-4a33-8e83-40ef6ab8dc83"
              }
            ],
            "timeouts": null,
            "wait_for_default_service_account": false
          },
          "sensitive_attributes": [],
          "private": "eyJlMmJmYjczMC1lY2FhLTExZTYtOGY4OC0zNDM2M2JjN2M0YzAiOnsiZGVsZXRlIjozMDAwMDAwMDAwMDB9fQ==",
          "dependencies": [
            "helm_release.helm_istio_base",
            "helm_release.helm_istiod"
          ]
        }
      ]
    },
    {
      "mode": "managed",
      "type": "null_resource",
      "name": "kubernetes_api_gateway",
      "provider": "provider[\"registry.terraform.io/hashicorp/null\"]",
      "instances": [
        {
          "schema_version": 0,
          "attributes": {
            "id": "8131555362250937673",
            "triggers": null
          },
          "sensitive_attributes": []
        }
      ]
    }
  ],
  "check_results": null
}
